Microsoft Visual Studio Solution File, Format Version 12.00
# Visual Studio Version 17
VisualStudioVersion = 17.5.2.0
MinimumVisualStudioVersion = 10.0.40219.1
Project("{FAE04EC0-301F-11D3-BF4B-00C04F79EFBC}") = "Task_8", "Task_8.csproj", "{BE03B189-DBAA-6283-5199-B0E062B61342}"
EndProject
Global
	GlobalSection(SolutionConfigurationPlatforms) = preSolution
		Debug|Any CPU = Debug|Any CPU
		Release|Any CPU = Release|Any CPU
	EndGlobalSection
	GlobalSection(ProjectConfigurationPlatforms) = postSolution
		{BE03B189-DBAA-6283-5199-B0E062B61342}.Debug|Any CPU.ActiveCfg = Debug|Any CPU
		{BE03B189-DBAA-6283-5199-B0E062B61342}.Debug|Any CPU.Build.0 = Debug|Any CPU
		{BE03B189-DBAA-6283-5199-B0E062B61342}.Release|Any CPU.ActiveCfg = Release|Any CPU
		{BE03B189-DBAA-6283-5199-B0E062B61342}.Release|Any CPU.Build.0 = Release|Any CPU
	EndGlobalSection
	GlobalSection(SolutionProperties) = preSolution
		HideSolutionNode = FALSE
	EndGlobalSection
	GlobalSection(ExtensibilityGlobals) = postSolution
		SolutionGuid = {5E379FE1-1845-4A37-9256-D23208741D4C}
	EndGlobalSection
EndGlobal
